
Microsoft Visual Studio Solution File, Format Version 12.00
# Visual Studio Version 17
VisualStudioVersion = 17.3.32901.215
MinimumVisualStudioVersion = 10.0.40219.1
Project("{FAE04EC0-301F-11D3-BF4B-00C04F79EFBC}") = "string örnrkleri", "string örnrkleri\string örnrkleri.csproj", "{A583DF1E-E774-4857-AFAA-C4B91F03DA2B}"
EndProject
Global
	GlobalSection(SolutionConfigurationPlatforms) = preSolution
		Debug|Any CPU = Debug|Any CPU
		Release|Any CPU = Release|Any CPU
	EndGlobalSection
	GlobalSection(ProjectConfigurationPlatforms) = postSolution
		{A583DF1E-E774-4857-AFAA-C4B91F03DA2B}.Debug|Any CPU.ActiveCfg = Debug|Any CPU
		{A583DF1E-E774-4857-AFAA-C4B91F03DA2B}.Debug|Any CPU.Build.0 = Debug|Any CPU
		{A583DF1E-E774-4857-AFAA-C4B91F03DA2B}.Release|Any CPU.ActiveCfg = Release|Any CPU
		{A583DF1E-E774-4857-AFAA-C4B91F03DA2B}.Release|Any CPU.Build.0 = Release|Any CPU
	EndGlobalSection
	GlobalSection(SolutionProperties) = preSolution
		HideSolutionNode = FALSE
	EndGlobalSection
	GlobalSection(ExtensibilityGlobals) = postSolution
		SolutionGuid = {5642008C-19C0-492D-9E0C-6B85C3C825D1}
	EndGlobalSection
EndGlobal
